
Microsoft Visual Studio Solution File, Format Version 12.00
# Visual Studio Version 17
VisualStudioVersion = 17.0.31903.59
MinimumVisualStudioVersion = 10.0.40219.1
Project("{FAE04EC0-301F-11D3-BF4B-00C04F79EFBC}") = "ParallelYou.App", "src\ParallelYou\ParallelYou.App\ParallelYou.App.csproj", "{0436D384-DC83-47D4-9B0A-375005288251}"
EndProject
Project("{FAE04EC0-301F-11D3-BF4B-00C04F79EFBC}") = "ParallelYou.Model", "src\ParallelYou\ParallelYou.Model\ParallelYou.Model.csproj", "{7F6D930B-14B6-4E8B-AAEC-7E795AC1AF6D}"
EndProject
Project("{FAE04EC0-301F-11D3-BF4B-00C04F79EFBC}") = "ParallelYou.Bus", "src\ParallelYou\ParallelYou.Bus\ParallelYou.Bus.csproj", "{4AD52D28-DEDC-45EC-A112-AEDC60013DE2}"
EndProject
Project("{FAE04EC0-301F-11D3-BF4B-00C04F79EFBC}") = "ParallelYou.Repo", "src\ParallelYou\ParallelYou.Repo\ParallelYou.Repo.csproj", "{851D1154-09EB-4E26-A5A0-35A978FC07A2}"
EndProject
Project("{FAE04EC0-301F-11D3-BF4B-00C04F79EFBC}") = "ParallelYou.Util", "src\ParallelYou\ParallelYou.Util\ParallelYou.Util.csproj", "{12779A06-1E4B-4783-8BE6-14499F470BCE}"
EndProject
Project("{FAE04EC0-301F-11D3-BF4B-00C04F79EFBC}") = "ParallelYou.Repo.Abstractions", "src\ParallelYou\ParallelYou.Repo.Abstractions\ParallelYou.Repo.Abstractions.csproj", "{96A5BCAA-3D7F-45B4-B0E2-92ACEAD3DBCA}"
EndProject
Project("{FAE04EC0-301F-11D3-BF4B-00C04F79EFBC}") = "ParallelYou.Bus.Abstractions", "src\ParallelYou\ParallelYou.Bus.Abstractions\ParallelYou.Bus.Abstractions.csproj", "{036D3271-FE74-4138-935B-C120E74CD7AE}"
EndProject
Project("{FAE04EC0-301F-11D3-BF4B-00C04F79EFBC}") = "ParallelYou.Tests", "src\ParallelYou\ParallelYou.Tests\ParallelYou.Tests.csproj", "{212F645A-B41A-483A-AB0F-124F77642EF5}"
EndProject
Project("{2150E333-8FDC-42A3-9474-1A3956D46DE8}") = "Documents", "Documents", "{3A0D0869-E172-4117-999E-726CCECA4370}"
	ProjectSection(SolutionItems) = preProject
		ROADMAP.md = ROADMAP.md
		ARCHITECTURE.md = ARCHITECTURE.md
		README.md = README.md
		LICENSE.md = LICENSE.md
	EndProjectSection
EndProject
Project("{FAE04EC0-301F-11D3-BF4B-00C04F79EFBC}") = "ParallelYou.ThreadService", "ParallelYou.ThreadService\ParallelYou.ThreadService.csproj", "{DE0E249D-40A4-4AF2-8E3E-C6ABD085BDBF}"
EndProject
Global
	GlobalSection(SolutionConfigurationPlatforms) = preSolution
		Debug|Any CPU = Debug|Any CPU
		Release|Any CPU = Release|Any CPU
	EndGlobalSection
	GlobalSection(SolutionProperties) = preSolution
		HideSolutionNode = FALSE
	EndGlobalSection
	GlobalSection(ProjectConfigurationPlatforms) = postSolution
		{0436D384-DC83-47D4-9B0A-375005288251}.Debug|Any CPU.ActiveCfg = Debug|Any CPU
		{0436D384-DC83-47D4-9B0A-375005288251}.Debug|Any CPU.Build.0 = Debug|Any CPU
		{0436D384-DC83-47D4-9B0A-375005288251}.Release|Any CPU.ActiveCfg = Release|Any CPU
		{0436D384-DC83-47D4-9B0A-375005288251}.Release|Any CPU.Build.0 = Release|Any CPU
		{7F6D930B-14B6-4E8B-AAEC-7E795AC1AF6D}.Debug|Any CPU.ActiveCfg = Debug|Any CPU
		{7F6D930B-14B6-4E8B-AAEC-7E795AC1AF6D}.Debug|Any CPU.Build.0 = Debug|Any CPU
		{7F6D930B-14B6-4E8B-AAEC-7E795AC1AF6D}.Release|Any CPU.ActiveCfg = Release|Any CPU
		{7F6D930B-14B6-4E8B-AAEC-7E795AC1AF6D}.Release|Any CPU.Build.0 = Release|Any CPU
		{4AD52D28-DEDC-45EC-A112-AEDC60013DE2}.Debug|Any CPU.ActiveCfg = Debug|Any CPU
		{4AD52D28-DEDC-45EC-A112-AEDC60013DE2}.Debug|Any CPU.Build.0 = Debug|Any CPU
		{4AD52D28-DEDC-45EC-A112-AEDC60013DE2}.Release|Any CPU.ActiveCfg = Release|Any CPU
		{4AD52D28-DEDC-45EC-A112-AEDC60013DE2}.Release|Any CPU.Build.0 = Release|Any CPU
		{851D1154-09EB-4E26-A5A0-35A978FC07A2}.Debug|Any CPU.ActiveCfg = Debug|Any CPU
		{851D1154-09EB-4E26-A5A0-35A978FC07A2}.Debug|Any CPU.Build.0 = Debug|Any CPU
		{851D1154-09EB-4E26-A5A0-35A978FC07A2}.Release|Any CPU.ActiveCfg = Release|Any CPU
		{851D1154-09EB-4E26-A5A0-35A978FC07A2}.Release|Any CPU.Build.0 = Release|Any CPU
		{12779A06-1E4B-4783-8BE6-14499F470BCE}.Debug|Any CPU.ActiveCfg = Debug|Any CPU
		{12779A06-1E4B-4783-8BE6-14499F470BCE}.Debug|Any CPU.Build.0 = Debug|Any CPU
		{12779A06-1E4B-4783-8BE6-14499F470BCE}.Release|Any CPU.ActiveCfg = Release|Any CPU
		{12779A06-1E4B-4783-8BE6-14499F470BCE}.Release|Any CPU.Build.0 = Release|Any CPU
		{96A5BCAA-3D7F-45B4-B0E2-92ACEAD3DBCA}.Debug|Any CPU.ActiveCfg = Debug|Any CPU
		{96A5BCAA-3D7F-45B4-B0E2-92ACEAD3DBCA}.Debug|Any CPU.Build.0 = Debug|Any CPU
		{96A5BCAA-3D7F-45B4-B0E2-92ACEAD3DBCA}.Release|Any CPU.ActiveCfg = Release|Any CPU
		{96A5BCAA-3D7F-45B4-B0E2-92ACEAD3DBCA}.Release|Any CPU.Build.0 = Release|Any CPU
		{036D3271-FE74-4138-935B-C120E74CD7AE}.Debug|Any CPU.ActiveCfg = Debug|Any CPU
		{036D3271-FE74-4138-935B-C120E74CD7AE}.Debug|Any CPU.Build.0 = Debug|Any CPU
		{036D3271-FE74-4138-935B-C120E74CD7AE}.Release|Any CPU.ActiveCfg = Release|Any CPU
		{036D3271-FE74-4138-935B-C120E74CD7AE}.Release|Any CPU.Build.0 = Release|Any CPU
		{212F645A-B41A-483A-AB0F-124F77642EF5}.Debug|Any CPU.ActiveCfg = Debug|Any CPU
		{212F645A-B41A-483A-AB0F-124F77642EF5}.Debug|Any CPU.Build.0 = Debug|Any CPU
		{212F645A-B41A-483A-AB0F-124F77642EF5}.Release|Any CPU.ActiveCfg = Release|Any CPU
		{212F645A-B41A-483A-AB0F-124F77642EF5}.Release|Any CPU.Build.0 = Release|Any CPU
		{DE0E249D-40A4-4AF2-8E3E-C6ABD085BDBF}.Debug|Any CPU.ActiveCfg = Debug|Any CPU
		{DE0E249D-40A4-4AF2-8E3E-C6ABD085BDBF}.Debug|Any CPU.Build.0 = Debug|Any CPU
		{DE0E249D-40A4-4AF2-8E3E-C6ABD085BDBF}.Release|Any CPU.ActiveCfg = Release|Any CPU
		{DE0E249D-40A4-4AF2-8E3E-C6ABD085BDBF}.Release|Any CPU.Build.0 = Release|Any CPU
	EndGlobalSection
EndGlobal
