
Microsoft Visual Studio Solution File, Format Version 12.00
Project("{FAE04EC0-301F-11D3-BF4B-00C04F79EFBC}") = "ParallelYou.Web", "ParallelYou.Web\ParallelYou.Web.csproj", "{0BCE01FA-A95F-4CAD-8666-2CBF1E214D0B}"
EndProject
Project("{2150E333-8FDC-42A3-9474-1A3956D46DE8}") = "Documentation", "Documentation", "{B78C0164-B014-4A67-A7ED-F2BC5792C5CF}"
	ProjectSection(SolutionItems) = preProject
		docs\preamble.md = docs\preamble.md
	EndProjectSection
EndProject
Project("{2150E333-8FDC-42A3-9474-1A3956D46DE8}") = "Architecture", "Architecture", "{DBF2D042-C73B-4643-A301-B9928E737B40}"
	ProjectSection(SolutionItems) = preProject
		docs\architecture\overview.md = docs\architecture\overview.md
	EndProjectSection
EndProject
Project("{2150E333-8FDC-42A3-9474-1A3956D46DE8}") = "Concepts", "Concepts", "{12385A92-F1BB-4554-8FAF-025E0DAA9D0C}"
	ProjectSection(SolutionItems) = preProject
		docs\concepts\activity.md = docs\concepts\activity.md
		docs\concepts\attention.md = docs\concepts\attention.md
		docs\concepts\energy.md = docs\concepts\energy.md
		docs\concepts\intention.md = docs\concepts\intention.md
		docs\concepts\person.md = docs\concepts\person.md
		docs\concepts\plan.md = docs\concepts\plan.md
		docs\concepts\time.md = docs\concepts\time.md
		docs\concepts\commitment.md = docs\concepts\commitment.md
	EndProjectSection
EndProject
Project("{2150E333-8FDC-42A3-9474-1A3956D46DE8}") = "Specifications", "Specifications", "{877932EE-48C1-4EC9-9E56-F6DD6F82BAA3}"
	ProjectSection(SolutionItems) = preProject
		docs\specs\capture.md = docs\specs\capture.md
		docs\specs\planning.md = docs\specs\planning.md
		docs\specs\recommendation.md = docs\specs\recommendation.md
		docs\specs\reflection.md = docs\specs\reflection.md
		docs\specs\tracking.md = docs\specs\tracking.md
	EndProjectSection
EndProject
Project("{2150E333-8FDC-42A3-9474-1A3956D46DE8}") = "Runtime", "Runtime", "{B9B45A75-0C0F-0D50-E9F8-ABF69D9594D8}"
EndProject
Project("{FAE04EC0-301F-11D3-BF4B-00C04F79EFBC}") = "AethericForge.Runtime.Tests", "runtime\src\Tests\AethericForge.Runtime.Tests\AethericForge.Runtime.Tests.csproj", "{9D5717A1-AF7C-433E-9D89-2242EB87664A}"
EndProject
Project("{FAE04EC0-301F-11D3-BF4B-00C04F79EFBC}") = "AethericForge.Runtime.Abstractions.Interfaces", "runtime\src\Abstractions\Interfaces\AethericForge.Runtime.Abstractions.Interfaces\AethericForge.Runtime.Abstractions.Interfaces.csproj", "{F88190F5-2551-4422-AE75-A2096C9F55B4}"
EndProject
Project("{FAE04EC0-301F-11D3-BF4B-00C04F79EFBC}") = "AethericForge.Runtime.Institutions.Abstractions", "runtime\src\Institutions\AethericForge.Runtime.Institutions.Abstractions\AethericForge.Runtime.Institutions.Abstractions.csproj", "{D490ABA0-46DE-4241-B72F-64F98B803B59}"
EndProject
Project("{FAE04EC0-301F-11D3-BF4B-00C04F79EFBC}") = "AethericForge.Runtime.Institutions.Library", "runtime\src\Institutions\AethericForge.Runtime.Institutions.Library\AethericForge.Runtime.Institutions.Library.csproj", "{02AAC31E-71AA-4A2E-83EC-5E271577D52E}"
EndProject
Project("{FAE04EC0-301F-11D3-BF4B-00C04F79EFBC}") = "AethericForge.Runtime.Models", "runtime\src\Models\AethericForge.Runtime.Models\AethericForge.Runtime.Models.csproj", "{C173CD28-1BBF-4DE0-8F02-EB157064EB5E}"
EndProject
Project("{FAE04EC0-301F-11D3-BF4B-00C04F79EFBC}") = "AethericForge.Runtime.Providers.Post.InMemory", "runtime\src\Providers\AethericForge.Runtime.Providers.Post.InMemory\AethericForge.Runtime.Providers.Post.InMemory.csproj", "{85A293FC-2E28-4DF1-A3AE-AAE9C592F69D}"
EndProject
Project("{FAE04EC0-301F-11D3-BF4B-00C04F79EFBC}") = "AethericForge.Runtime.Providers.Archive.InMemory", "runtime\src\Providers\AethericForge.Runtime.Providers.Archive.InMemory\AethericForge.Runtime.Providers.Archive.InMemory.csproj", "{E05D200E-64F7-4799-9BDA-9EB704C15ADD}"
EndProject
Project("{FAE04EC0-301F-11D3-BF4B-00C04F79EFBC}") = "AethericForge.Runtime.Providers.Identity.InMemory", "runtime\src\Providers\AethericForge.Runtime.Providers.Identity.InMemory\AethericForge.Runtime.Providers.Identity.InMemory.csproj", "{1CE328D5-9558-4B53-B585-577EEB16B8C5}"
EndProject
Project("{FAE04EC0-301F-11D3-BF4B-00C04F79EFBC}") = "AethericForge.Runtime.Providers.Knowledge.InMemory", "runtime\src\Providers\AethericForge.Runtime.Providers.Knowledge.InMemory\AethericForge.Runtime.Providers.Knowledge.InMemory.csproj", "{0CD5124F-0035-4839-A088-CBD24E7E3213}"
EndProject
Project("{FAE04EC0-301F-11D3-BF4B-00C04F79EFBC}") = "AethericForge.Runtime.Providers.Staging.InMemory", "runtime\src\Providers\AethericForge.Runtime.Providers.Staging.InMemory\AethericForge.Runtime.Providers.Staging.InMemory.csproj", "{8F2E7062-4026-45A9-BCA9-934190A20123}"
EndProject
Project("{FAE04EC0-301F-11D3-BF4B-00C04F79EFBC}") = "AethericForge.Runtime.Providers.Archive.MongoDb", "runtime\src\Providers\AethericForge.Runtime.Providers.Archive.MongoDb\AethericForge.Runtime.Providers.Archive.MongoDb.csproj", "{C20CE9B6-B16C-412F-81AF-8B2B6D6F38F5}"
EndProject
Project("{FAE04EC0-301F-11D3-BF4B-00C04F79EFBC}") = "AethericForge.Runtime.Services.Post", "runtime\src\Services\AethericForge.Runtime.Services.Post\AethericForge.Runtime.Services.Post.csproj", "{EE0742B0-A22D-4DF1-9502-3FB92AFAEE3C}"
EndProject
Project("{FAE04EC0-301F-11D3-BF4B-00C04F79EFBC}") = "AethericForge.Runtime.Institutions.PostOffice", "runtime\src\Institutions\AethericForge.Runtime.Institutions.PostOffice\AethericForge.Runtime.Institutions.PostOffice.csproj", "{FED08621-0916-44E2-9A10-C84531FFC738}"
EndProject
Project("{FAE04EC0-301F-11D3-BF4B-00C04F79EFBC}") = "AethericForge.Runtime.Services.Staging", "runtime\src\Services\AethericForge.Runtime.Services.Staging\AethericForge.Runtime.Services.Staging.csproj", "{CBF6FD0D-DB98-487D-96FC-76D12AEF2FAC}"
EndProject
Project("{FAE04EC0-301F-11D3-BF4B-00C04F79EFBC}") = "AethericForge.Runtime.Services.Archive", "runtime\src\Services\AethericForge.Runtime.Services.Archive\AethericForge.Runtime.Services.Archive.csproj", "{240E378A-48C4-472F-8071-D10D698BDC47}"
EndProject
Project("{FAE04EC0-301F-11D3-BF4B-00C04F79EFBC}") = "AethericForge.Runtime.Providers.Staging.Redis", "runtime\src\Providers\AethericForge.Runtime.Providers.Staging.Redis\AethericForge.Runtime.Providers.Staging.Redis.csproj", "{EC2EF488-6075-4517-BE37-1989D5E6BDDE}"
EndProject
Project("{FAE04EC0-301F-11D3-BF4B-00C04F79EFBC}") = "AethericForge.Runtime.Providers.Identity.Keycloak", "runtime\src\Providers\AethericForge.Runtime.Providers.Identity.Keycloak\AethericForge.Runtime.Providers.Identity.Keycloak.csproj", "{E989F4F8-295D-4036-802C-05D382DB70D4}"
EndProject
Project("{FAE04EC0-301F-11D3-BF4B-00C04F79EFBC}") = "AethericForge.Runtime.Services.Identity", "runtime\src\Services\AethericForge.Runtime.Services.Identity\AethericForge.Runtime.Services.Identity.csproj", "{16CFBFE0-7631-4A38-BFA5-BEDF4AF9469A}"
EndProject
Project("{FAE04EC0-301F-11D3-BF4B-00C04F79EFBC}") = "AethericForge.Runtime.Services.Knowledge", "runtime\src\Services\AethericForge.Runtime.Services.Knowledge\AethericForge.Runtime.Services.Knowledge.csproj", "{5B2EEE92-865C-4319-BD7A-A6A0D9A201ED}"
EndProject
Project("{FAE04EC0-301F-11D3-BF4B-00C04F79EFBC}") = "AethericForge.Runtime.Providers.Archive.S3", "runtime\src\Providers\AethericForge.Runtime.Providers.Archive.S3\AethericForge.Runtime.Providers.Archive.S3.csproj", "{B1978414-48B3-43AB-ACAA-DA925999BFE9}"
EndProject
Project("{FAE04EC0-301F-11D3-BF4B-00C04F79EFBC}") = "AethericForge.Runtime.Providers.Post.RabbitMq", "runtime\src\Providers\AethericForge.Runtime.Providers.Post.RabbitMq\AethericForge.Runtime.Providers.Post.RabbitMq.csproj", "{F56BDED1-997C-4D75-B958-F1FCC6EEE33A}"
EndProject
Project("{FAE04EC0-301F-11D3-BF4B-00C04F79EFBC}") = "AethericForge.Runtime.Institutions.Campus", "runtime\src\Institutions\AethericForge.Runtime.Institutions.Campus\AethericForge.Runtime.Institutions.Campus.csproj", "{CC5F523D-3103-4148-BD50-5BFAD7A8BEBF}"
EndProject
Project("{FAE04EC0-301F-11D3-BF4B-00C04F79EFBC}") = "AethericForge.Runtime.Institutions.Archive", "runtime\src\Institutions\AethericForge.Runtime.Institutions.Archive\AethericForge.Runtime.Institutions.Archive.csproj", "{8D80B21D-3802-4EB4-A790-8331E36FDDBE}"
EndProject
Project("{FAE04EC0-301F-11D3-BF4B-00C04F79EFBC}") = "AethericForge.Runtime.Institutions.Registry", "runtime\src\Institutions\AethericForge.Runtime.Institutions.Registry\AethericForge.Runtime.Institutions.Registry.csproj", "{30F99C89-56F9-4897-AACB-FD94ED33480D}"
EndProject
Project("{FAE04EC0-301F-11D3-BF4B-00C04F79EFBC}") = "AethericForge.Runtime.Services.Registry", "runtime\src\Services\AethericForge.Runtime.Services.Registry\AethericForge.Runtime.Services.Registry.csproj", "{7C4D754A-9703-4038-B065-16FD45B37554}"
EndProject
Project("{FAE04EC0-301F-11D3-BF4B-00C04F79EFBC}") = "AethericForge.Runtime.Services.Library", "runtime\src\Services\AethericForge.Runtime.Services.Library\AethericForge.Runtime.Services.Library.csproj", "{14546365-82BB-46C6-9AD6-4ECBC44A7FA4}"
EndProject
Project("{FAE04EC0-301F-11D3-BF4B-00C04F79EFBC}") = "ParallelYou.Models", "ParallelYou.Models\ParallelYou.Models.csproj", "{4728FA29-B369-4E15-A1E4-6938953AB96A}"
EndProject
Project("{FAE04EC0-301F-11D3-BF4B-00C04F79EFBC}") = "ParallelYou.Abstractions", "ParallelYou.Abstractions\ParallelYou.Abstractions.csproj", "{69487AD5-FBBB-4186-8A0A-8E532A84259D}"
EndProject
Project("{2150E333-8FDC-42A3-9474-1A3956D46DE8}") = "tests", "tests", "{0AB3BF05-4346-4AA6-1389-037BE0695223}"
EndProject
Project("{FAE04EC0-301F-11D3-BF4B-00C04F79EFBC}") = "ParallelYou.Tests", "tests\ParallelYou.Tests\ParallelYou.Tests.csproj", "{E1B518D1-2347-4C11-9DAE-62AE7AA7CCBC}"
EndProject
Project("{FAE04EC0-301F-11D3-BF4B-00C04F79EFBC}") = "ParallelYou.Services", "ParallelYou.Services\ParallelYou.Services.csproj", "{E5DFFDA2-722E-4AF1-AA99-570E2CD7FC9C}"
EndProject
Project("{FAE04EC0-301F-11D3-BF4B-00C04F79EFBC}") = "AethericForge.Runtime.Institutions.Workbench", "runtime\src\Institutions\AethericForge.Runtime.Institutions.Workbench\AethericForge.Runtime.Institutions.Workbench.csproj", "{E456DF54-20DB-43C6-A546-D2EEF3B0F1DA}"
EndProject
Project("{FAE04EC0-301F-11D3-BF4B-00C04F79EFBC}") = "AethericForge.Runtime.Services.Workbench", "runtime\src\Services\AethericForge.Runtime.Services.Workbench\AethericForge.Runtime.Services.Workbench.csproj", "{816A0293-0811-45E3-A151-B083D5731FE2}"
EndProject
Project("{FAE04EC0-301F-11D3-BF4B-00C04F79EFBC}") = "AethericForge.Runtime.Providers.Knowledge.MongoDb", "runtime\src\Providers\AethericForge.Runtime.Providers.Knowledge.MongoDb\AethericForge.Runtime.Providers.Knowledge.MongoDb.csproj", "{28EF68F8-2A35-4183-BAAD-8F92D5D2F2AE}"
EndProject
Global
	GlobalSection(SolutionConfigurationPlatforms) = preSolution
		Debug|Any CPU = Debug|Any CPU
		Debug|x64 = Debug|x64
		Debug|x86 = Debug|x86
		Release|Any CPU = Release|Any CPU
		Release|x64 = Release|x64
		Release|x86 = Release|x86
	EndGlobalSection
	GlobalSection(ProjectConfigurationPlatforms) = postSolution
		{0BCE01FA-A95F-4CAD-8666-2CBF1E214D0B}.Debug|Any CPU.ActiveCfg = Debug|Any CPU
		{0BCE01FA-A95F-4CAD-8666-2CBF1E214D0B}.Debug|Any CPU.Build.0 = Debug|Any CPU
		{0BCE01FA-A95F-4CAD-8666-2CBF1E214D0B}.Debug|x64.ActiveCfg = Debug|Any CPU
		{0BCE01FA-A95F-4CAD-8666-2CBF1E214D0B}.Debug|x64.Build.0 = Debug|Any CPU
		{0BCE01FA-A95F-4CAD-8666-2CBF1E214D0B}.Debug|x86.ActiveCfg = Debug|Any CPU
		{0BCE01FA-A95F-4CAD-8666-2CBF1E214D0B}.Debug|x86.Build.0 = Debug|Any CPU
		{0BCE01FA-A95F-4CAD-8666-2CBF1E214D0B}.Release|Any CPU.ActiveCfg = Release|Any CPU
		{0BCE01FA-A95F-4CAD-8666-2CBF1E214D0B}.Release|Any CPU.Build.0 = Release|Any CPU
		{0BCE01FA-A95F-4CAD-8666-2CBF1E214D0B}.Release|x64.ActiveCfg = Release|Any CPU
		{0BCE01FA-A95F-4CAD-8666-2CBF1E214D0B}.Release|x64.Build.0 = Release|Any CPU
		{0BCE01FA-A95F-4CAD-8666-2CBF1E214D0B}.Release|x86.ActiveCfg = Release|Any CPU
		{0BCE01FA-A95F-4CAD-8666-2CBF1E214D0B}.Release|x86.Build.0 = Release|Any CPU
		{9D5717A1-AF7C-433E-9D89-2242EB87664A}.Debug|Any CPU.ActiveCfg = Debug|Any CPU
		{9D5717A1-AF7C-433E-9D89-2242EB87664A}.Debug|Any CPU.Build.0 = Debug|Any CPU
		{9D5717A1-AF7C-433E-9D89-2242EB87664A}.Debug|x64.ActiveCfg = Debug|Any CPU
		{9D5717A1-AF7C-433E-9D89-2242EB87664A}.Debug|x64.Build.0 = Debug|Any CPU
		{9D5717A1-AF7C-433E-9D89-2242EB87664A}.Debug|x86.ActiveCfg = Debug|Any CPU
		{9D5717A1-AF7C-433E-9D89-2242EB87664A}.Debug|x86.Build.0 = Debug|Any CPU
		{9D5717A1-AF7C-433E-9D89-2242EB87664A}.Release|Any CPU.ActiveCfg = Release|Any CPU
		{9D5717A1-AF7C-433E-9D89-2242EB87664A}.Release|Any CPU.Build.0 = Release|Any CPU
		{9D5717A1-AF7C-433E-9D89-2242EB87664A}.Release|x64.ActiveCfg = Release|Any CPU
		{9D5717A1-AF7C-433E-9D89-2242EB87664A}.Release|x64.Build.0 = Release|Any CPU
		{9D5717A1-AF7C-433E-9D89-2242EB87664A}.Release|x86.ActiveCfg = Release|Any CPU
		{9D5717A1-AF7C-433E-9D89-2242EB87664A}.Release|x86.Build.0 = Release|Any CPU
		{F88190F5-2551-4422-AE75-A2096C9F55B4}.Debug|Any CPU.ActiveCfg = Debug|Any CPU
		{F88190F5-2551-4422-AE75-A2096C9F55B4}.Debug|Any CPU.Build.0 = Debug|Any CPU
		{F88190F5-2551-4422-AE75-A2096C9F55B4}.Debug|x64.ActiveCfg = Debug|Any CPU
		{F88190F5-2551-4422-AE75-A2096C9F55B4}.Debug|x64.Build.0 = Debug|Any CPU
		{F88190F5-2551-4422-AE75-A2096C9F55B4}.Debug|x86.ActiveCfg = Debug|Any CPU
		{F88190F5-2551-4422-AE75-A2096C9F55B4}.Debug|x86.Build.0 = Debug|Any CPU
		{F88190F5-2551-4422-AE75-A2096C9F55B4}.Release|Any CPU.ActiveCfg = Release|Any CPU
		{F88190F5-2551-4422-AE75-A2096C9F55B4}.Release|Any CPU.Build.0 = Release|Any CPU
		{F88190F5-2551-4422-AE75-A2096C9F55B4}.Release|x64.ActiveCfg = Release|Any CPU
		{F88190F5-2551-4422-AE75-A2096C9F55B4}.Release|x64.Build.0 = Release|Any CPU
		{F88190F5-2551-4422-AE75-A2096C9F55B4}.Release|x86.ActiveCfg = Release|Any CPU
		{F88190F5-2551-4422-AE75-A2096C9F55B4}.Release|x86.Build.0 = Release|Any CPU
		{D490ABA0-46DE-4241-B72F-64F98B803B59}.Debug|Any CPU.ActiveCfg = Debug|Any CPU
		{D490ABA0-46DE-4241-B72F-64F98B803B59}.Debug|Any CPU.Build.0 = Debug|Any CPU
		{D490ABA0-46DE-4241-B72F-64F98B803B59}.Debug|x64.ActiveCfg = Debug|Any CPU
		{D490ABA0-46DE-4241-B72F-64F98B803B59}.Debug|x64.Build.0 = Debug|Any CPU
		{D490ABA0-46DE-4241-B72F-64F98B803B59}.Debug|x86.ActiveCfg = Debug|Any CPU
		{D490ABA0-46DE-4241-B72F-64F98B803B59}.Debug|x86.Build.0 = Debug|Any CPU
		{D490ABA0-46DE-4241-B72F-64F98B803B59}.Release|Any CPU.ActiveCfg = Release|Any CPU
		{D490ABA0-46DE-4241-B72F-64F98B803B59}.Release|Any CPU.Build.0 = Release|Any CPU
		{D490ABA0-46DE-4241-B72F-64F98B803B59}.Release|x64.ActiveCfg = Release|Any CPU
		{D490ABA0-46DE-4241-B72F-64F98B803B59}.Release|x64.Build.0 = Release|Any CPU
		{D490ABA0-46DE-4241-B72F-64F98B803B59}.Release|x86.ActiveCfg = Release|Any CPU
		{D490ABA0-46DE-4241-B72F-64F98B803B59}.Release|x86.Build.0 = Release|Any CPU
		{02AAC31E-71AA-4A2E-83EC-5E271577D52E}.Debug|Any CPU.ActiveCfg = Debug|Any CPU
		{02AAC31E-71AA-4A2E-83EC-5E271577D52E}.Debug|Any CPU.Build.0 = Debug|Any CPU
		{02AAC31E-71AA-4A2E-83EC-5E271577D52E}.Debug|x64.ActiveCfg = Debug|Any CPU
		{02AAC31E-71AA-4A2E-83EC-5E271577D52E}.Debug|x64.Build.0 = Debug|Any CPU
		{02AAC31E-71AA-4A2E-83EC-5E271577D52E}.Debug|x86.ActiveCfg = Debug|Any CPU
		{02AAC31E-71AA-4A2E-83EC-5E271577D52E}.Debug|x86.Build.0 = Debug|Any CPU
		{02AAC31E-71AA-4A2E-83EC-5E271577D52E}.Release|Any CPU.ActiveCfg = Release|Any CPU
		{02AAC31E-71AA-4A2E-83EC-5E271577D52E}.Release|Any CPU.Build.0 = Release|Any CPU
		{02AAC31E-71AA-4A2E-83EC-5E271577D52E}.Release|x64.ActiveCfg = Release|Any CPU
		{02AAC31E-71AA-4A2E-83EC-5E271577D52E}.Release|x64.Build.0 = Release|Any CPU
		{02AAC31E-71AA-4A2E-83EC-5E271577D52E}.Release|x86.ActiveCfg = Release|Any CPU
		{02AAC31E-71AA-4A2E-83EC-5E271577D52E}.Release|x86.Build.0 = Release|Any CPU
		{C173CD28-1BBF-4DE0-8F02-EB157064EB5E}.Debug|Any CPU.ActiveCfg = Debug|Any CPU
		{C173CD28-1BBF-4DE0-8F02-EB157064EB5E}.Debug|Any CPU.Build.0 = Debug|Any CPU
		{C173CD28-1BBF-4DE0-8F02-EB157064EB5E}.Debug|x64.ActiveCfg = Debug|Any CPU
		{C173CD28-1BBF-4DE0-8F02-EB157064EB5E}.Debug|x64.Build.0 = Debug|Any CPU
		{C173CD28-1BBF-4DE0-8F02-EB157064EB5E}.Debug|x86.ActiveCfg = Debug|Any CPU
		{C173CD28-1BBF-4DE0-8F02-EB157064EB5E}.Debug|x86.Build.0 = Debug|Any CPU
		{C173CD28-1BBF-4DE0-8F02-EB157064EB5E}.Release|Any CPU.ActiveCfg = Release|Any CPU
		{C173CD28-1BBF-4DE0-8F02-EB157064EB5E}.Release|Any CPU.Build.0 = Release|Any CPU
		{C173CD28-1BBF-4DE0-8F02-EB157064EB5E}.Release|x64.ActiveCfg = Release|Any CPU
		{C173CD28-1BBF-4DE0-8F02-EB157064EB5E}.Release|x64.Build.0 = Release|Any CPU
		{C173CD28-1BBF-4DE0-8F02-EB157064EB5E}.Release|x86.ActiveCfg = Release|Any CPU
		{C173CD28-1BBF-4DE0-8F02-EB157064EB5E}.Release|x86.Build.0 = Release|Any CPU
		{85A293FC-2E28-4DF1-A3AE-AAE9C592F69D}.Debug|Any CPU.ActiveCfg = Debug|Any CPU
		{85A293FC-2E28-4DF1-A3AE-AAE9C592F69D}.Debug|Any CPU.Build.0 = Debug|Any CPU
		{85A293FC-2E28-4DF1-A3AE-AAE9C592F69D}.Debug|x64.ActiveCfg = Debug|Any CPU
		{85A293FC-2E28-4DF1-A3AE-AAE9C592F69D}.Debug|x64.Build.0 = Debug|Any CPU
		{85A293FC-2E28-4DF1-A3AE-AAE9C592F69D}.Debug|x86.ActiveCfg = Debug|Any CPU
		{85A293FC-2E28-4DF1-A3AE-AAE9C592F69D}.Debug|x86.Build.0 = Debug|Any CPU
		{85A293FC-2E28-4DF1-A3AE-AAE9C592F69D}.Release|Any CPU.ActiveCfg = Release|Any CPU
		{85A293FC-2E28-4DF1-A3AE-AAE9C592F69D}.Release|Any CPU.Build.0 = Release|Any CPU
		{85A293FC-2E28-4DF1-A3AE-AAE9C592F69D}.Release|x64.ActiveCfg = Release|Any CPU
		{85A293FC-2E28-4DF1-A3AE-AAE9C592F69D}.Release|x64.Build.0 = Release|Any CPU
		{85A293FC-2E28-4DF1-A3AE-AAE9C592F69D}.Release|x86.ActiveCfg = Release|Any CPU
		{85A293FC-2E28-4DF1-A3AE-AAE9C592F69D}.Release|x86.Build.0 = Release|Any CPU
		{E05D200E-64F7-4799-9BDA-9EB704C15ADD}.Debug|Any CPU.ActiveCfg = Debug|Any CPU
		{E05D200E-64F7-4799-9BDA-9EB704C15ADD}.Debug|Any CPU.Build.0 = Debug|Any CPU
		{E05D200E-64F7-4799-9BDA-9EB704C15ADD}.Debug|x64.ActiveCfg = Debug|Any CPU
		{E05D200E-64F7-4799-9BDA-9EB704C15ADD}.Debug|x64.Build.0 = Debug|Any CPU
		{E05D200E-64F7-4799-9BDA-9EB704C15ADD}.Debug|x86.ActiveCfg = Debug|Any CPU
		{E05D200E-64F7-4799-9BDA-9EB704C15ADD}.Debug|x86.Build.0 = Debug|Any CPU
		{E05D200E-64F7-4799-9BDA-9EB704C15ADD}.Release|Any CPU.ActiveCfg = Release|Any CPU
		{E05D200E-64F7-4799-9BDA-9EB704C15ADD}.Release|Any CPU.Build.0 = Release|Any CPU
		{E05D200E-64F7-4799-9BDA-9EB704C15ADD}.Release|x64.ActiveCfg = Release|Any CPU
		{E05D200E-64F7-4799-9BDA-9EB704C15ADD}.Release|x64.Build.0 = Release|Any CPU
		{E05D200E-64F7-4799-9BDA-9EB704C15ADD}.Release|x86.ActiveCfg = Release|Any CPU
		{E05D200E-64F7-4799-9BDA-9EB704C15ADD}.Release|x86.Build.0 = Release|Any CPU
		{1CE328D5-9558-4B53-B585-577EEB16B8C5}.Debug|Any CPU.ActiveCfg = Debug|Any CPU
		{1CE328D5-9558-4B53-B585-577EEB16B8C5}.Debug|Any CPU.Build.0 = Debug|Any CPU
		{1CE328D5-9558-4B53-B585-577EEB16B8C5}.Debug|x64.ActiveCfg = Debug|Any CPU
		{1CE328D5-9558-4B53-B585-577EEB16B8C5}.Debug|x64.Build.0 = Debug|Any CPU
		{1CE328D5-9558-4B53-B585-577EEB16B8C5}.Debug|x86.ActiveCfg = Debug|Any CPU
		{1CE328D5-9558-4B53-B585-577EEB16B8C5}.Debug|x86.Build.0 = Debug|Any CPU
		{1CE328D5-9558-4B53-B585-577EEB16B8C5}.Release|Any CPU.ActiveCfg = Release|Any CPU
		{1CE328D5-9558-4B53-B585-577EEB16B8C5}.Release|Any CPU.Build.0 = Release|Any CPU
		{1CE328D5-9558-4B53-B585-577EEB16B8C5}.Release|x64.ActiveCfg = Release|Any CPU
		{1CE328D5-9558-4B53-B585-577EEB16B8C5}.Release|x64.Build.0 = Release|Any CPU
		{1CE328D5-9558-4B53-B585-577EEB16B8C5}.Release|x86.ActiveCfg = Release|Any CPU
		{1CE328D5-9558-4B53-B585-577EEB16B8C5}.Release|x86.Build.0 = Release|Any CPU
		{0CD5124F-0035-4839-A088-CBD24E7E3213}.Debug|Any CPU.ActiveCfg = Debug|Any CPU
		{0CD5124F-0035-4839-A088-CBD24E7E3213}.Debug|Any CPU.Build.0 = Debug|Any CPU
		{0CD5124F-0035-4839-A088-CBD24E7E3213}.Debug|x64.ActiveCfg = Debug|Any CPU
		{0CD5124F-0035-4839-A088-CBD24E7E3213}.Debug|x64.Build.0 = Debug|Any CPU
		{0CD5124F-0035-4839-A088-CBD24E7E3213}.Debug|x86.ActiveCfg = Debug|Any CPU
		{0CD5124F-0035-4839-A088-CBD24E7E3213}.Debug|x86.Build.0 = Debug|Any CPU
		{0CD5124F-0035-4839-A088-CBD24E7E3213}.Release|Any CPU.ActiveCfg = Release|Any CPU
		{0CD5124F-0035-4839-A088-CBD24E7E3213}.Release|Any CPU.Build.0 = Release|Any CPU
		{0CD5124F-0035-4839-A088-CBD24E7E3213}.Release|x64.ActiveCfg = Release|Any CPU
		{0CD5124F-0035-4839-A088-CBD24E7E3213}.Release|x64.Build.0 = Release|Any CPU
		{0CD5124F-0035-4839-A088-CBD24E7E3213}.Release|x86.ActiveCfg = Release|Any CPU
		{0CD5124F-0035-4839-A088-CBD24E7E3213}.Release|x86.Build.0 = Release|Any CPU
		{8F2E7062-4026-45A9-BCA9-934190A20123}.Debug|Any CPU.ActiveCfg = Debug|Any CPU
		{8F2E7062-4026-45A9-BCA9-934190A20123}.Debug|Any CPU.Build.0 = Debug|Any CPU
		{8F2E7062-4026-45A9-BCA9-934190A20123}.Debug|x64.ActiveCfg = Debug|Any CPU
		{8F2E7062-4026-45A9-BCA9-934190A20123}.Debug|x64.Build.0 = Debug|Any CPU
		{8F2E7062-4026-45A9-BCA9-934190A20123}.Debug|x86.ActiveCfg = Debug|Any CPU
		{8F2E7062-4026-45A9-BCA9-934190A20123}.Debug|x86.Build.0 = Debug|Any CPU
		{8F2E7062-4026-45A9-BCA9-934190A20123}.Release|Any CPU.ActiveCfg = Release|Any CPU
		{8F2E7062-4026-45A9-BCA9-934190A20123}.Release|Any CPU.Build.0 = Release|Any CPU
		{8F2E7062-4026-45A9-BCA9-934190A20123}.Release|x64.ActiveCfg = Release|Any CPU
		{8F2E7062-4026-45A9-BCA9-934190A20123}.Release|x64.Build.0 = Release|Any CPU
		{8F2E7062-4026-45A9-BCA9-934190A20123}.Release|x86.ActiveCfg = Release|Any CPU
		{8F2E7062-4026-45A9-BCA9-934190A20123}.Release|x86.Build.0 = Release|Any CPU
		{C20CE9B6-B16C-412F-81AF-8B2B6D6F38F5}.Debug|Any CPU.ActiveCfg = Debug|Any CPU
		{C20CE9B6-B16C-412F-81AF-8B2B6D6F38F5}.Debug|Any CPU.Build.0 = Debug|Any CPU
		{C20CE9B6-B16C-412F-81AF-8B2B6D6F38F5}.Debug|x64.ActiveCfg = Debug|Any CPU
		{C20CE9B6-B16C-412F-81AF-8B2B6D6F38F5}.Debug|x64.Build.0 = Debug|Any CPU
		{C20CE9B6-B16C-412F-81AF-8B2B6D6F38F5}.Debug|x86.ActiveCfg = Debug|Any CPU
		{C20CE9B6-B16C-412F-81AF-8B2B6D6F38F5}.Debug|x86.Build.0 = Debug|Any CPU
		{C20CE9B6-B16C-412F-81AF-8B2B6D6F38F5}.Release|Any CPU.ActiveCfg = Release|Any CPU
		{C20CE9B6-B16C-412F-81AF-8B2B6D6F38F5}.Release|Any CPU.Build.0 = Release|Any CPU
		{C20CE9B6-B16C-412F-81AF-8B2B6D6F38F5}.Release|x64.ActiveCfg = Release|Any CPU
		{C20CE9B6-B16C-412F-81AF-8B2B6D6F38F5}.Release|x64.Build.0 = Release|Any CPU
		{C20CE9B6-B16C-412F-81AF-8B2B6D6F38F5}.Release|x86.ActiveCfg = Release|Any CPU
		{C20CE9B6-B16C-412F-81AF-8B2B6D6F38F5}.Release|x86.Build.0 = Release|Any CPU
		{EE0742B0-A22D-4DF1-9502-3FB92AFAEE3C}.Debug|Any CPU.ActiveCfg = Debug|Any CPU
		{EE0742B0-A22D-4DF1-9502-3FB92AFAEE3C}.Debug|Any CPU.Build.0 = Debug|Any CPU
		{EE0742B0-A22D-4DF1-9502-3FB92AFAEE3C}.Debug|x64.ActiveCfg = Debug|Any CPU
		{EE0742B0-A22D-4DF1-9502-3FB92AFAEE3C}.Debug|x64.Build.0 = Debug|Any CPU
		{EE0742B0-A22D-4DF1-9502-3FB92AFAEE3C}.Debug|x86.ActiveCfg = Debug|Any CPU
		{EE0742B0-A22D-4DF1-9502-3FB92AFAEE3C}.Debug|x86.Build.0 = Debug|Any CPU
		{EE0742B0-A22D-4DF1-9502-3FB92AFAEE3C}.Release|Any CPU.ActiveCfg = Release|Any CPU
		{EE0742B0-A22D-4DF1-9502-3FB92AFAEE3C}.Release|Any CPU.Build.0 = Release|Any CPU
		{EE0742B0-A22D-4DF1-9502-3FB92AFAEE3C}.Release|x64.ActiveCfg = Release|Any CPU
		{EE0742B0-A22D-4DF1-9502-3FB92AFAEE3C}.Release|x64.Build.0 = Release|Any CPU
		{EE0742B0-A22D-4DF1-9502-3FB92AFAEE3C}.Release|x86.ActiveCfg = Release|Any CPU
		{EE0742B0-A22D-4DF1-9502-3FB92AFAEE3C}.Release|x86.Build.0 = Release|Any CPU
		{FED08621-0916-44E2-9A10-C84531FFC738}.Debug|Any CPU.ActiveCfg = Debug|Any CPU
		{FED08621-0916-44E2-9A10-C84531FFC738}.Debug|Any CPU.Build.0 = Debug|Any CPU
		{FED08621-0916-44E2-9A10-C84531FFC738}.Debug|x64.ActiveCfg = Debug|Any CPU
		{FED08621-0916-44E2-9A10-C84531FFC738}.Debug|x64.Build.0 = Debug|Any CPU
		{FED08621-0916-44E2-9A10-C84531FFC738}.Debug|x86.ActiveCfg = Debug|Any CPU
		{FED08621-0916-44E2-9A10-C84531FFC738}.Debug|x86.Build.0 = Debug|Any CPU
		{FED08621-0916-44E2-9A10-C84531FFC738}.Release|Any CPU.ActiveCfg = Release|Any CPU
		{FED08621-0916-44E2-9A10-C84531FFC738}.Release|Any CPU.Build.0 = Release|Any CPU
		{FED08621-0916-44E2-9A10-C84531FFC738}.Release|x64.ActiveCfg = Release|Any CPU
		{FED08621-0916-44E2-9A10-C84531FFC738}.Release|x64.Build.0 = Release|Any CPU
		{FED08621-0916-44E2-9A10-C84531FFC738}.Release|x86.ActiveCfg = Release|Any CPU
		{FED08621-0916-44E2-9A10-C84531FFC738}.Release|x86.Build.0 = Release|Any CPU
		{CBF6FD0D-DB98-487D-96FC-76D12AEF2FAC}.Debug|Any CPU.ActiveCfg = Debug|Any CPU
		{CBF6FD0D-DB98-487D-96FC-76D12AEF2FAC}.Debug|Any CPU.Build.0 = Debug|Any CPU
		{CBF6FD0D-DB98-487D-96FC-76D12AEF2FAC}.Debug|x64.ActiveCfg = Debug|Any CPU
		{CBF6FD0D-DB98-487D-96FC-76D12AEF2FAC}.Debug|x64.Build.0 = Debug|Any CPU
		{CBF6FD0D-DB98-487D-96FC-76D12AEF2FAC}.Debug|x86.ActiveCfg = Debug|Any CPU
		{CBF6FD0D-DB98-487D-96FC-76D12AEF2FAC}.Debug|x86.Build.0 = Debug|Any CPU
		{CBF6FD0D-DB98-487D-96FC-76D12AEF2FAC}.Release|Any CPU.ActiveCfg = Release|Any CPU
		{CBF6FD0D-DB98-487D-96FC-76D12AEF2FAC}.Release|Any CPU.Build.0 = Release|Any CPU
		{CBF6FD0D-DB98-487D-96FC-76D12AEF2FAC}.Release|x64.ActiveCfg = Release|Any CPU
		{CBF6FD0D-DB98-487D-96FC-76D12AEF2FAC}.Release|x64.Build.0 = Release|Any CPU
		{CBF6FD0D-DB98-487D-96FC-76D12AEF2FAC}.Release|x86.ActiveCfg = Release|Any CPU
		{CBF6FD0D-DB98-487D-96FC-76D12AEF2FAC}.Release|x86.Build.0 = Release|Any CPU
		{240E378A-48C4-472F-8071-D10D698BDC47}.Debug|Any CPU.ActiveCfg = Debug|Any CPU
		{240E378A-48C4-472F-8071-D10D698BDC47}.Debug|Any CPU.Build.0 = Debug|Any CPU
		{240E378A-48C4-472F-8071-D10D698BDC47}.Debug|x64.ActiveCfg = Debug|Any CPU
		{240E378A-48C4-472F-8071-D10D698BDC47}.Debug|x64.Build.0 = Debug|Any CPU
		{240E378A-48C4-472F-8071-D10D698BDC47}.Debug|x86.ActiveCfg = Debug|Any CPU
		{240E378A-48C4-472F-8071-D10D698BDC47}.Debug|x86.Build.0 = Debug|Any CPU
		{240E378A-48C4-472F-8071-D10D698BDC47}.Release|Any CPU.ActiveCfg = Release|Any CPU
		{240E378A-48C4-472F-8071-D10D698BDC47}.Release|Any CPU.Build.0 = Release|Any CPU
		{240E378A-48C4-472F-8071-D10D698BDC47}.Release|x64.ActiveCfg = Release|Any CPU
		{240E378A-48C4-472F-8071-D10D698BDC47}.Release|x64.Build.0 = Release|Any CPU
		{240E378A-48C4-472F-8071-D10D698BDC47}.Release|x86.ActiveCfg = Release|Any CPU
		{240E378A-48C4-472F-8071-D10D698BDC47}.Release|x86.Build.0 = Release|Any CPU
		{EC2EF488-6075-4517-BE37-1989D5E6BDDE}.Debug|Any CPU.ActiveCfg = Debug|Any CPU
		{EC2EF488-6075-4517-BE37-1989D5E6BDDE}.Debug|Any CPU.Build.0 = Debug|Any CPU
		{EC2EF488-6075-4517-BE37-1989D5E6BDDE}.Debug|x64.ActiveCfg = Debug|Any CPU
		{EC2EF488-6075-4517-BE37-1989D5E6BDDE}.Debug|x64.Build.0 = Debug|Any CPU
		{EC2EF488-6075-4517-BE37-1989D5E6BDDE}.Debug|x86.ActiveCfg = Debug|Any CPU
		{EC2EF488-6075-4517-BE37-1989D5E6BDDE}.Debug|x86.Build.0 = Debug|Any CPU
		{EC2EF488-6075-4517-BE37-1989D5E6BDDE}.Release|Any CPU.ActiveCfg = Release|Any CPU
		{EC2EF488-6075-4517-BE37-1989D5E6BDDE}.Release|Any CPU.Build.0 = Release|Any CPU
		{EC2EF488-6075-4517-BE37-1989D5E6BDDE}.Release|x64.ActiveCfg = Release|Any CPU
		{EC2EF488-6075-4517-BE37-1989D5E6BDDE}.Release|x64.Build.0 = Release|Any CPU
		{EC2EF488-6075-4517-BE37-1989D5E6BDDE}.Release|x86.ActiveCfg = Release|Any CPU
		{EC2EF488-6075-4517-BE37-1989D5E6BDDE}.Release|x86.Build.0 = Release|Any CPU
		{E989F4F8-295D-4036-802C-05D382DB70D4}.Debug|Any CPU.ActiveCfg = Debug|Any CPU
		{E989F4F8-295D-4036-802C-05D382DB70D4}.Debug|Any CPU.Build.0 = Debug|Any CPU
		{E989F4F8-295D-4036-802C-05D382DB70D4}.Debug|x64.ActiveCfg = Debug|Any CPU
		{E989F4F8-295D-4036-802C-05D382DB70D4}.Debug|x64.Build.0 = Debug|Any CPU
		{E989F4F8-295D-4036-802C-05D382DB70D4}.Debug|x86.ActiveCfg = Debug|Any CPU
		{E989F4F8-295D-4036-802C-05D382DB70D4}.Debug|x86.Build.0 = Debug|Any CPU
		{E989F4F8-295D-4036-802C-05D382DB70D4}.Release|Any CPU.ActiveCfg = Release|Any CPU
		{E989F4F8-295D-4036-802C-05D382DB70D4}.Release|Any CPU.Build.0 = Release|Any CPU
		{E989F4F8-295D-4036-802C-05D382DB70D4}.Release|x64.ActiveCfg = Release|Any CPU
		{E989F4F8-295D-4036-802C-05D382DB70D4}.Release|x64.Build.0 = Release|Any CPU
		{E989F4F8-295D-4036-802C-05D382DB70D4}.Release|x86.ActiveCfg = Release|Any CPU
		{E989F4F8-295D-4036-802C-05D382DB70D4}.Release|x86.Build.0 = Release|Any CPU
		{16CFBFE0-7631-4A38-BFA5-BEDF4AF9469A}.Debug|Any CPU.ActiveCfg = Debug|Any CPU
		{16CFBFE0-7631-4A38-BFA5-BEDF4AF9469A}.Debug|Any CPU.Build.0 = Debug|Any CPU
		{16CFBFE0-7631-4A38-BFA5-BEDF4AF9469A}.Debug|x64.ActiveCfg = Debug|Any CPU
		{16CFBFE0-7631-4A38-BFA5-BEDF4AF9469A}.Debug|x64.Build.0 = Debug|Any CPU
		{16CFBFE0-7631-4A38-BFA5-BEDF4AF9469A}.Debug|x86.ActiveCfg = Debug|Any CPU
		{16CFBFE0-7631-4A38-BFA5-BEDF4AF9469A}.Debug|x86.Build.0 = Debug|Any CPU
		{16CFBFE0-7631-4A38-BFA5-BEDF4AF9469A}.Release|Any CPU.ActiveCfg = Release|Any CPU
		{16CFBFE0-7631-4A38-BFA5-BEDF4AF9469A}.Release|Any CPU.Build.0 = Release|Any CPU
		{16CFBFE0-7631-4A38-BFA5-BEDF4AF9469A}.Release|x64.ActiveCfg = Release|Any CPU
		{16CFBFE0-7631-4A38-BFA5-BEDF4AF9469A}.Release|x64.Build.0 = Release|Any CPU
		{16CFBFE0-7631-4A38-BFA5-BEDF4AF9469A}.Release|x86.ActiveCfg = Release|Any CPU
		{16CFBFE0-7631-4A38-BFA5-BEDF4AF9469A}.Release|x86.Build.0 = Release|Any CPU
		{5B2EEE92-865C-4319-BD7A-A6A0D9A201ED}.Debug|Any CPU.ActiveCfg = Debug|Any CPU
		{5B2EEE92-865C-4319-BD7A-A6A0D9A201ED}.Debug|Any CPU.Build.0 = Debug|Any CPU
		{5B2EEE92-865C-4319-BD7A-A6A0D9A201ED}.Debug|x64.ActiveCfg = Debug|Any CPU
		{5B2EEE92-865C-4319-BD7A-A6A0D9A201ED}.Debug|x64.Build.0 = Debug|Any CPU
		{5B2EEE92-865C-4319-BD7A-A6A0D9A201ED}.Debug|x86.ActiveCfg = Debug|Any CPU
		{5B2EEE92-865C-4319-BD7A-A6A0D9A201ED}.Debug|x86.Build.0 = Debug|Any CPU
		{5B2EEE92-865C-4319-BD7A-A6A0D9A201ED}.Release|Any CPU.ActiveCfg = Release|Any CPU
		{5B2EEE92-865C-4319-BD7A-A6A0D9A201ED}.Release|Any CPU.Build.0 = Release|Any CPU
		{5B2EEE92-865C-4319-BD7A-A6A0D9A201ED}.Release|x64.ActiveCfg = Release|Any CPU
		{5B2EEE92-865C-4319-BD7A-A6A0D9A201ED}.Release|x64.Build.0 = Release|Any CPU
		{5B2EEE92-865C-4319-BD7A-A6A0D9A201ED}.Release|x86.ActiveCfg = Release|Any CPU
		{5B2EEE92-865C-4319-BD7A-A6A0D9A201ED}.Release|x86.Build.0 = Release|Any CPU
		{B1978414-48B3-43AB-ACAA-DA925999BFE9}.Debug|Any CPU.ActiveCfg = Debug|Any CPU
		{B1978414-48B3-43AB-ACAA-DA925999BFE9}.Debug|Any CPU.Build.0 = Debug|Any CPU
		{B1978414-48B3-43AB-ACAA-DA925999BFE9}.Debug|x64.ActiveCfg = Debug|Any CPU
		{B1978414-48B3-43AB-ACAA-DA925999BFE9}.Debug|x64.Build.0 = Debug|Any CPU
		{B1978414-48B3-43AB-ACAA-DA925999BFE9}.Debug|x86.ActiveCfg = Debug|Any CPU
		{B1978414-48B3-43AB-ACAA-DA925999BFE9}.Debug|x86.Build.0 = Debug|Any CPU
		{B1978414-48B3-43AB-ACAA-DA925999BFE9}.Release|Any CPU.ActiveCfg = Release|Any CPU
		{B1978414-48B3-43AB-ACAA-DA925999BFE9}.Release|Any CPU.Build.0 = Release|Any CPU
		{B1978414-48B3-43AB-ACAA-DA925999BFE9}.Release|x64.ActiveCfg = Release|Any CPU
		{B1978414-48B3-43AB-ACAA-DA925999BFE9}.Release|x64.Build.0 = Release|Any CPU
		{B1978414-48B3-43AB-ACAA-DA925999BFE9}.Release|x86.ActiveCfg = Release|Any CPU
		{B1978414-48B3-43AB-ACAA-DA925999BFE9}.Release|x86.Build.0 = Release|Any CPU
		{F56BDED1-997C-4D75-B958-F1FCC6EEE33A}.Debug|Any CPU.ActiveCfg = Debug|Any CPU
		{F56BDED1-997C-4D75-B958-F1FCC6EEE33A}.Debug|Any CPU.Build.0 = Debug|Any CPU
		{F56BDED1-997C-4D75-B958-F1FCC6EEE33A}.Debug|x64.ActiveCfg = Debug|Any CPU
		{F56BDED1-997C-4D75-B958-F1FCC6EEE33A}.Debug|x64.Build.0 = Debug|Any CPU
		{F56BDED1-997C-4D75-B958-F1FCC6EEE33A}.Debug|x86.ActiveCfg = Debug|Any CPU
		{F56BDED1-997C-4D75-B958-F1FCC6EEE33A}.Debug|x86.Build.0 = Debug|Any CPU
		{F56BDED1-997C-4D75-B958-F1FCC6EEE33A}.Release|Any CPU.ActiveCfg = Release|Any CPU
		{F56BDED1-997C-4D75-B958-F1FCC6EEE33A}.Release|Any CPU.Build.0 = Release|Any CPU
		{F56BDED1-997C-4D75-B958-F1FCC6EEE33A}.Release|x64.ActiveCfg = Release|Any CPU
		{F56BDED1-997C-4D75-B958-F1FCC6EEE33A}.Release|x64.Build.0 = Release|Any CPU
		{F56BDED1-997C-4D75-B958-F1FCC6EEE33A}.Release|x86.ActiveCfg = Release|Any CPU
		{F56BDED1-997C-4D75-B958-F1FCC6EEE33A}.Release|x86.Build.0 = Release|Any CPU
		{CC5F523D-3103-4148-BD50-5BFAD7A8BEBF}.Debug|Any CPU.ActiveCfg = Debug|Any CPU
		{CC5F523D-3103-4148-BD50-5BFAD7A8BEBF}.Debug|Any CPU.Build.0 = Debug|Any CPU
		{CC5F523D-3103-4148-BD50-5BFAD7A8BEBF}.Debug|x64.ActiveCfg = Debug|Any CPU
		{CC5F523D-3103-4148-BD50-5BFAD7A8BEBF}.Debug|x64.Build.0 = Debug|Any CPU
		{CC5F523D-3103-4148-BD50-5BFAD7A8BEBF}.Debug|x86.ActiveCfg = Debug|Any CPU
		{CC5F523D-3103-4148-BD50-5BFAD7A8BEBF}.Debug|x86.Build.0 = Debug|Any CPU
		{CC5F523D-3103-4148-BD50-5BFAD7A8BEBF}.Release|Any CPU.ActiveCfg = Release|Any CPU
		{CC5F523D-3103-4148-BD50-5BFAD7A8BEBF}.Release|Any CPU.Build.0 = Release|Any CPU
		{CC5F523D-3103-4148-BD50-5BFAD7A8BEBF}.Release|x64.ActiveCfg = Release|Any CPU
		{CC5F523D-3103-4148-BD50-5BFAD7A8BEBF}.Release|x64.Build.0 = Release|Any CPU
		{CC5F523D-3103-4148-BD50-5BFAD7A8BEBF}.Release|x86.ActiveCfg = Release|Any CPU
		{CC5F523D-3103-4148-BD50-5BFAD7A8BEBF}.Release|x86.Build.0 = Release|Any CPU
		{8D80B21D-3802-4EB4-A790-8331E36FDDBE}.Debug|Any CPU.ActiveCfg = Debug|Any CPU
		{8D80B21D-3802-4EB4-A790-8331E36FDDBE}.Debug|Any CPU.Build.0 = Debug|Any CPU
		{8D80B21D-3802-4EB4-A790-8331E36FDDBE}.Debug|x64.ActiveCfg = Debug|Any CPU
		{8D80B21D-3802-4EB4-A790-8331E36FDDBE}.Debug|x64.Build.0 = Debug|Any CPU
		{8D80B21D-3802-4EB4-A790-8331E36FDDBE}.Debug|x86.ActiveCfg = Debug|Any CPU
		{8D80B21D-3802-4EB4-A790-8331E36FDDBE}.Debug|x86.Build.0 = Debug|Any CPU
		{8D80B21D-3802-4EB4-A790-8331E36FDDBE}.Release|Any CPU.ActiveCfg = Release|Any CPU
		{8D80B21D-3802-4EB4-A790-8331E36FDDBE}.Release|Any CPU.Build.0 = Release|Any CPU
		{8D80B21D-3802-4EB4-A790-8331E36FDDBE}.Release|x64.ActiveCfg = Release|Any CPU
		{8D80B21D-3802-4EB4-A790-8331E36FDDBE}.Release|x64.Build.0 = Release|Any CPU
		{8D80B21D-3802-4EB4-A790-8331E36FDDBE}.Release|x86.ActiveCfg = Release|Any CPU
		{8D80B21D-3802-4EB4-A790-8331E36FDDBE}.Release|x86.Build.0 = Release|Any CPU
		{30F99C89-56F9-4897-AACB-FD94ED33480D}.Debug|Any CPU.ActiveCfg = Debug|Any CPU
		{30F99C89-56F9-4897-AACB-FD94ED33480D}.Debug|Any CPU.Build.0 = Debug|Any CPU
		{30F99C89-56F9-4897-AACB-FD94ED33480D}.Debug|x64.ActiveCfg = Debug|Any CPU
		{30F99C89-56F9-4897-AACB-FD94ED33480D}.Debug|x64.Build.0 = Debug|Any CPU
		{30F99C89-56F9-4897-AACB-FD94ED33480D}.Debug|x86.ActiveCfg = Debug|Any CPU
		{30F99C89-56F9-4897-AACB-FD94ED33480D}.Debug|x86.Build.0 = Debug|Any CPU
		{30F99C89-56F9-4897-AACB-FD94ED33480D}.Release|Any CPU.ActiveCfg = Release|Any CPU
		{30F99C89-56F9-4897-AACB-FD94ED33480D}.Release|Any CPU.Build.0 = Release|Any CPU
		{30F99C89-56F9-4897-AACB-FD94ED33480D}.Release|x64.ActiveCfg = Release|Any CPU
		{30F99C89-56F9-4897-AACB-FD94ED33480D}.Release|x64.Build.0 = Release|Any CPU
		{30F99C89-56F9-4897-AACB-FD94ED33480D}.Release|x86.ActiveCfg = Release|Any CPU
		{30F99C89-56F9-4897-AACB-FD94ED33480D}.Release|x86.Build.0 = Release|Any CPU
		{7C4D754A-9703-4038-B065-16FD45B37554}.Debug|Any CPU.ActiveCfg = Debug|Any CPU
		{7C4D754A-9703-4038-B065-16FD45B37554}.Debug|Any CPU.Build.0 = Debug|Any CPU
		{7C4D754A-9703-4038-B065-16FD45B37554}.Debug|x64.ActiveCfg = Debug|Any CPU
		{7C4D754A-9703-4038-B065-16FD45B37554}.Debug|x64.Build.0 = Debug|Any CPU
		{7C4D754A-9703-4038-B065-16FD45B37554}.Debug|x86.ActiveCfg = Debug|Any CPU
		{7C4D754A-9703-4038-B065-16FD45B37554}.Debug|x86.Build.0 = Debug|Any CPU
		{7C4D754A-9703-4038-B065-16FD45B37554}.Release|Any CPU.ActiveCfg = Release|Any CPU
		{7C4D754A-9703-4038-B065-16FD45B37554}.Release|Any CPU.Build.0 = Release|Any CPU
		{7C4D754A-9703-4038-B065-16FD45B37554}.Release|x64.ActiveCfg = Release|Any CPU
		{7C4D754A-9703-4038-B065-16FD45B37554}.Release|x64.Build.0 = Release|Any CPU
		{7C4D754A-9703-4038-B065-16FD45B37554}.Release|x86.ActiveCfg = Release|Any CPU
		{7C4D754A-9703-4038-B065-16FD45B37554}.Release|x86.Build.0 = Release|Any CPU
		{14546365-82BB-46C6-9AD6-4ECBC44A7FA4}.Debug|Any CPU.ActiveCfg = Debug|Any CPU
		{14546365-82BB-46C6-9AD6-4ECBC44A7FA4}.Debug|Any CPU.Build.0 = Debug|Any CPU
		{14546365-82BB-46C6-9AD6-4ECBC44A7FA4}.Debug|x64.ActiveCfg = Debug|Any CPU
		{14546365-82BB-46C6-9AD6-4ECBC44A7FA4}.Debug|x64.Build.0 = Debug|Any CPU
		{14546365-82BB-46C6-9AD6-4ECBC44A7FA4}.Debug|x86.ActiveCfg = Debug|Any CPU
		{14546365-82BB-46C6-9AD6-4ECBC44A7FA4}.Debug|x86.Build.0 = Debug|Any CPU
		{14546365-82BB-46C6-9AD6-4ECBC44A7FA4}.Release|Any CPU.ActiveCfg = Release|Any CPU
		{14546365-82BB-46C6-9AD6-4ECBC44A7FA4}.Release|Any CPU.Build.0 = Release|Any CPU
		{14546365-82BB-46C6-9AD6-4ECBC44A7FA4}.Release|x64.ActiveCfg = Release|Any CPU
		{14546365-82BB-46C6-9AD6-4ECBC44A7FA4}.Release|x64.Build.0 = Release|Any CPU
		{14546365-82BB-46C6-9AD6-4ECBC44A7FA4}.Release|x86.ActiveCfg = Release|Any CPU
		{14546365-82BB-46C6-9AD6-4ECBC44A7FA4}.Release|x86.Build.0 = Release|Any CPU
		{4728FA29-B369-4E15-A1E4-6938953AB96A}.Debug|Any CPU.ActiveCfg = Debug|Any CPU
		{4728FA29-B369-4E15-A1E4-6938953AB96A}.Debug|Any CPU.Build.0 = Debug|Any CPU
		{4728FA29-B369-4E15-A1E4-6938953AB96A}.Debug|x64.ActiveCfg = Debug|Any CPU
		{4728FA29-B369-4E15-A1E4-6938953AB96A}.Debug|x64.Build.0 = Debug|Any CPU
		{4728FA29-B369-4E15-A1E4-6938953AB96A}.Debug|x86.ActiveCfg = Debug|Any CPU
		{4728FA29-B369-4E15-A1E4-6938953AB96A}.Debug|x86.Build.0 = Debug|Any CPU
		{4728FA29-B369-4E15-A1E4-6938953AB96A}.Release|Any CPU.ActiveCfg = Release|Any CPU
		{4728FA29-B369-4E15-A1E4-6938953AB96A}.Release|Any CPU.Build.0 = Release|Any CPU
		{4728FA29-B369-4E15-A1E4-6938953AB96A}.Release|x64.ActiveCfg = Release|Any CPU
		{4728FA29-B369-4E15-A1E4-6938953AB96A}.Release|x64.Build.0 = Release|Any CPU
		{4728FA29-B369-4E15-A1E4-6938953AB96A}.Release|x86.ActiveCfg = Release|Any CPU
		{4728FA29-B369-4E15-A1E4-6938953AB96A}.Release|x86.Build.0 = Release|Any CPU
		{69487AD5-FBBB-4186-8A0A-8E532A84259D}.Debug|Any CPU.ActiveCfg = Debug|Any CPU
		{69487AD5-FBBB-4186-8A0A-8E532A84259D}.Debug|Any CPU.Build.0 = Debug|Any CPU
		{69487AD5-FBBB-4186-8A0A-8E532A84259D}.Debug|x64.ActiveCfg = Debug|Any CPU
		{69487AD5-FBBB-4186-8A0A-8E532A84259D}.Debug|x64.Build.0 = Debug|Any CPU
		{69487AD5-FBBB-4186-8A0A-8E532A84259D}.Debug|x86.ActiveCfg = Debug|Any CPU
		{69487AD5-FBBB-4186-8A0A-8E532A84259D}.Debug|x86.Build.0 = Debug|Any CPU
		{69487AD5-FBBB-4186-8A0A-8E532A84259D}.Release|Any CPU.ActiveCfg = Release|Any CPU
		{69487AD5-FBBB-4186-8A0A-8E532A84259D}.Release|Any CPU.Build.0 = Release|Any CPU
		{69487AD5-FBBB-4186-8A0A-8E532A84259D}.Release|x64.ActiveCfg = Release|Any CPU
		{69487AD5-FBBB-4186-8A0A-8E532A84259D}.Release|x64.Build.0 = Release|Any CPU
		{69487AD5-FBBB-4186-8A0A-8E532A84259D}.Release|x86.ActiveCfg = Release|Any CPU
		{69487AD5-FBBB-4186-8A0A-8E532A84259D}.Release|x86.Build.0 = Release|Any CPU
		{E1B518D1-2347-4C11-9DAE-62AE7AA7CCBC}.Debug|Any CPU.ActiveCfg = Debug|Any CPU
		{E1B518D1-2347-4C11-9DAE-62AE7AA7CCBC}.Debug|Any CPU.Build.0 = Debug|Any CPU
		{E1B518D1-2347-4C11-9DAE-62AE7AA7CCBC}.Debug|x64.ActiveCfg = Debug|Any CPU
		{E1B518D1-2347-4C11-9DAE-62AE7AA7CCBC}.Debug|x64.Build.0 = Debug|Any CPU
		{E1B518D1-2347-4C11-9DAE-62AE7AA7CCBC}.Debug|x86.ActiveCfg = Debug|Any CPU
		{E1B518D1-2347-4C11-9DAE-62AE7AA7CCBC}.Debug|x86.Build.0 = Debug|Any CPU
		{E1B518D1-2347-4C11-9DAE-62AE7AA7CCBC}.Release|Any CPU.ActiveCfg = Release|Any CPU
		{E1B518D1-2347-4C11-9DAE-62AE7AA7CCBC}.Release|Any CPU.Build.0 = Release|Any CPU
		{E1B518D1-2347-4C11-9DAE-62AE7AA7CCBC}.Release|x64.ActiveCfg = Release|Any CPU
		{E1B518D1-2347-4C11-9DAE-62AE7AA7CCBC}.Release|x64.Build.0 = Release|Any CPU
		{E1B518D1-2347-4C11-9DAE-62AE7AA7CCBC}.Release|x86.ActiveCfg = Release|Any CPU
		{E1B518D1-2347-4C11-9DAE-62AE7AA7CCBC}.Release|x86.Build.0 = Release|Any CPU
		{E5DFFDA2-722E-4AF1-AA99-570E2CD7FC9C}.Debug|Any CPU.ActiveCfg = Debug|Any CPU
		{E5DFFDA2-722E-4AF1-AA99-570E2CD7FC9C}.Debug|Any CPU.Build.0 = Debug|Any CPU
		{E5DFFDA2-722E-4AF1-AA99-570E2CD7FC9C}.Debug|x64.ActiveCfg = Debug|Any CPU
		{E5DFFDA2-722E-4AF1-AA99-570E2CD7FC9C}.Debug|x64.Build.0 = Debug|Any CPU
		{E5DFFDA2-722E-4AF1-AA99-570E2CD7FC9C}.Debug|x86.ActiveCfg = Debug|Any CPU
		{E5DFFDA2-722E-4AF1-AA99-570E2CD7FC9C}.Debug|x86.Build.0 = Debug|Any CPU
		{E5DFFDA2-722E-4AF1-AA99-570E2CD7FC9C}.Release|Any CPU.ActiveCfg = Release|Any CPU
		{E5DFFDA2-722E-4AF1-AA99-570E2CD7FC9C}.Release|Any CPU.Build.0 = Release|Any CPU
		{E5DFFDA2-722E-4AF1-AA99-570E2CD7FC9C}.Release|x64.ActiveCfg = Release|Any CPU
		{E5DFFDA2-722E-4AF1-AA99-570E2CD7FC9C}.Release|x64.Build.0 = Release|Any CPU
		{E5DFFDA2-722E-4AF1-AA99-570E2CD7FC9C}.Release|x86.ActiveCfg = Release|Any CPU
		{E5DFFDA2-722E-4AF1-AA99-570E2CD7FC9C}.Release|x86.Build.0 = Release|Any CPU
		{E456DF54-20DB-43C6-A546-D2EEF3B0F1DA}.Debug|Any CPU.ActiveCfg = Debug|Any CPU
		{E456DF54-20DB-43C6-A546-D2EEF3B0F1DA}.Debug|Any CPU.Build.0 = Debug|Any CPU
		{E456DF54-20DB-43C6-A546-D2EEF3B0F1DA}.Debug|x64.ActiveCfg = Debug|Any CPU
		{E456DF54-20DB-43C6-A546-D2EEF3B0F1DA}.Debug|x64.Build.0 = Debug|Any CPU
		{E456DF54-20DB-43C6-A546-D2EEF3B0F1DA}.Debug|x86.ActiveCfg = Debug|Any CPU
		{E456DF54-20DB-43C6-A546-D2EEF3B0F1DA}.Debug|x86.Build.0 = Debug|Any CPU
		{E456DF54-20DB-43C6-A546-D2EEF3B0F1DA}.Release|Any CPU.ActiveCfg = Release|Any CPU
		{E456DF54-20DB-43C6-A546-D2EEF3B0F1DA}.Release|Any CPU.Build.0 = Release|Any CPU
		{E456DF54-20DB-43C6-A546-D2EEF3B0F1DA}.Release|x64.ActiveCfg = Release|Any CPU
		{E456DF54-20DB-43C6-A546-D2EEF3B0F1DA}.Release|x64.Build.0 = Release|Any CPU
		{E456DF54-20DB-43C6-A546-D2EEF3B0F1DA}.Release|x86.ActiveCfg = Release|Any CPU
		{E456DF54-20DB-43C6-A546-D2EEF3B0F1DA}.Release|x86.Build.0 = Release|Any CPU
		{816A0293-0811-45E3-A151-B083D5731FE2}.Debug|Any CPU.ActiveCfg = Debug|Any CPU
		{816A0293-0811-45E3-A151-B083D5731FE2}.Debug|Any CPU.Build.0 = Debug|Any CPU
		{816A0293-0811-45E3-A151-B083D5731FE2}.Debug|x64.ActiveCfg = Debug|Any CPU
		{816A0293-0811-45E3-A151-B083D5731FE2}.Debug|x64.Build.0 = Debug|Any CPU
		{816A0293-0811-45E3-A151-B083D5731FE2}.Debug|x86.ActiveCfg = Debug|Any CPU
		{816A0293-0811-45E3-A151-B083D5731FE2}.Debug|x86.Build.0 = Debug|Any CPU
		{816A0293-0811-45E3-A151-B083D5731FE2}.Release|Any CPU.ActiveCfg = Release|Any CPU
		{816A0293-0811-45E3-A151-B083D5731FE2}.Release|Any CPU.Build.0 = Release|Any CPU
		{816A0293-0811-45E3-A151-B083D5731FE2}.Release|x64.ActiveCfg = Release|Any CPU
		{816A0293-0811-45E3-A151-B083D5731FE2}.Release|x64.Build.0 = Release|Any CPU
		{816A0293-0811-45E3-A151-B083D5731FE2}.Release|x86.ActiveCfg = Release|Any CPU
		{816A0293-0811-45E3-A151-B083D5731FE2}.Release|x86.Build.0 = Release|Any CPU
		{28EF68F8-2A35-4183-BAAD-8F92D5D2F2AE}.Debug|Any CPU.ActiveCfg = Debug|Any CPU
		{28EF68F8-2A35-4183-BAAD-8F92D5D2F2AE}.Debug|Any CPU.Build.0 = Debug|Any CPU
		{28EF68F8-2A35-4183-BAAD-8F92D5D2F2AE}.Debug|x64.ActiveCfg = Debug|Any CPU
		{28EF68F8-2A35-4183-BAAD-8F92D5D2F2AE}.Debug|x64.Build.0 = Debug|Any CPU
		{28EF68F8-2A35-4183-BAAD-8F92D5D2F2AE}.Debug|x86.ActiveCfg = Debug|Any CPU
		{28EF68F8-2A35-4183-BAAD-8F92D5D2F2AE}.Debug|x86.Build.0 = Debug|Any CPU
		{28EF68F8-2A35-4183-BAAD-8F92D5D2F2AE}.Release|Any CPU.ActiveCfg = Release|Any CPU
		{28EF68F8-2A35-4183-BAAD-8F92D5D2F2AE}.Release|Any CPU.Build.0 = Release|Any CPU
		{28EF68F8-2A35-4183-BAAD-8F92D5D2F2AE}.Release|x64.ActiveCfg = Release|Any CPU
		{28EF68F8-2A35-4183-BAAD-8F92D5D2F2AE}.Release|x64.Build.0 = Release|Any CPU
		{28EF68F8-2A35-4183-BAAD-8F92D5D2F2AE}.Release|x86.ActiveCfg = Release|Any CPU
		{28EF68F8-2A35-4183-BAAD-8F92D5D2F2AE}.Release|x86.Build.0 = Release|Any CPU
	EndGlobalSection
	GlobalSection(SolutionProperties) = preSolution
		HideSolutionNode = FALSE
	EndGlobalSection
	GlobalSection(NestedProjects) = preSolution
		{DBF2D042-C73B-4643-A301-B9928E737B40} = {B78C0164-B014-4A67-A7ED-F2BC5792C5CF}
		{12385A92-F1BB-4554-8FAF-025E0DAA9D0C} = {B78C0164-B014-4A67-A7ED-F2BC5792C5CF}
		{877932EE-48C1-4EC9-9E56-F6DD6F82BAA3} = {B78C0164-B014-4A67-A7ED-F2BC5792C5CF}
		{9D5717A1-AF7C-433E-9D89-2242EB87664A} = {B9B45A75-0C0F-0D50-E9F8-ABF69D9594D8}
		{F88190F5-2551-4422-AE75-A2096C9F55B4} = {B9B45A75-0C0F-0D50-E9F8-ABF69D9594D8}
		{D490ABA0-46DE-4241-B72F-64F98B803B59} = {B9B45A75-0C0F-0D50-E9F8-ABF69D9594D8}
		{02AAC31E-71AA-4A2E-83EC-5E271577D52E} = {B9B45A75-0C0F-0D50-E9F8-ABF69D9594D8}
		{C173CD28-1BBF-4DE0-8F02-EB157064EB5E} = {B9B45A75-0C0F-0D50-E9F8-ABF69D9594D8}
		{85A293FC-2E28-4DF1-A3AE-AAE9C592F69D} = {B9B45A75-0C0F-0D50-E9F8-ABF69D9594D8}
		{E05D200E-64F7-4799-9BDA-9EB704C15ADD} = {B9B45A75-0C0F-0D50-E9F8-ABF69D9594D8}
		{1CE328D5-9558-4B53-B585-577EEB16B8C5} = {B9B45A75-0C0F-0D50-E9F8-ABF69D9594D8}
		{0CD5124F-0035-4839-A088-CBD24E7E3213} = {B9B45A75-0C0F-0D50-E9F8-ABF69D9594D8}
		{8F2E7062-4026-45A9-BCA9-934190A20123} = {B9B45A75-0C0F-0D50-E9F8-ABF69D9594D8}
		{C20CE9B6-B16C-412F-81AF-8B2B6D6F38F5} = {B9B45A75-0C0F-0D50-E9F8-ABF69D9594D8}
		{EE0742B0-A22D-4DF1-9502-3FB92AFAEE3C} = {B9B45A75-0C0F-0D50-E9F8-ABF69D9594D8}
		{FED08621-0916-44E2-9A10-C84531FFC738} = {B9B45A75-0C0F-0D50-E9F8-ABF69D9594D8}
		{CBF6FD0D-DB98-487D-96FC-76D12AEF2FAC} = {B9B45A75-0C0F-0D50-E9F8-ABF69D9594D8}
		{240E378A-48C4-472F-8071-D10D698BDC47} = {B9B45A75-0C0F-0D50-E9F8-ABF69D9594D8}
		{EC2EF488-6075-4517-BE37-1989D5E6BDDE} = {B9B45A75-0C0F-0D50-E9F8-ABF69D9594D8}
		{E989F4F8-295D-4036-802C-05D382DB70D4} = {B9B45A75-0C0F-0D50-E9F8-ABF69D9594D8}
		{16CFBFE0-7631-4A38-BFA5-BEDF4AF9469A} = {B9B45A75-0C0F-0D50-E9F8-ABF69D9594D8}
		{5B2EEE92-865C-4319-BD7A-A6A0D9A201ED} = {B9B45A75-0C0F-0D50-E9F8-ABF69D9594D8}
		{B1978414-48B3-43AB-ACAA-DA925999BFE9} = {B9B45A75-0C0F-0D50-E9F8-ABF69D9594D8}
		{F56BDED1-997C-4D75-B958-F1FCC6EEE33A} = {B9B45A75-0C0F-0D50-E9F8-ABF69D9594D8}
		{CC5F523D-3103-4148-BD50-5BFAD7A8BEBF} = {B9B45A75-0C0F-0D50-E9F8-ABF69D9594D8}
		{8D80B21D-3802-4EB4-A790-8331E36FDDBE} = {B9B45A75-0C0F-0D50-E9F8-ABF69D9594D8}
		{30F99C89-56F9-4897-AACB-FD94ED33480D} = {B9B45A75-0C0F-0D50-E9F8-ABF69D9594D8}
		{7C4D754A-9703-4038-B065-16FD45B37554} = {B9B45A75-0C0F-0D50-E9F8-ABF69D9594D8}
		{14546365-82BB-46C6-9AD6-4ECBC44A7FA4} = {B9B45A75-0C0F-0D50-E9F8-ABF69D9594D8}
		{E1B518D1-2347-4C11-9DAE-62AE7AA7CCBC} = {0AB3BF05-4346-4AA6-1389-037BE0695223}
		{E456DF54-20DB-43C6-A546-D2EEF3B0F1DA} = {B9B45A75-0C0F-0D50-E9F8-ABF69D9594D8}
		{816A0293-0811-45E3-A151-B083D5731FE2} = {B9B45A75-0C0F-0D50-E9F8-ABF69D9594D8}
		{28EF68F8-2A35-4183-BAAD-8F92D5D2F2AE} = {B9B45A75-0C0F-0D50-E9F8-ABF69D9594D8}
	EndGlobalSection
EndGlobal
