
Microsoft Visual Studio Solution File, Format Version 12.00
# Visual Studio Version 17
VisualStudioVersion = 17.0.31903.59
MinimumVisualStudioVersion = 10.0.40219.1
Project("{FAE04EC0-301F-11D3-BF4B-00C04F79EFBC}") = "ParallelYou.App", "ParallelYou.App\ParallelYou.App.csproj", "{0436D384-DC83-47D4-9B0A-375005288251}"
EndProject
Project("{FAE04EC0-301F-11D3-BF4B-00C04F79EFBC}") = "ParallelYou.Model", "ParallelYou.Model\ParallelYou.Model.csproj", "{7F6D930B-14B6-4E8B-AAEC-7E795AC1AF6D}"
EndProject
Project("{FAE04EC0-301F-11D3-BF4B-00C04F79EFBC}") = "ParallelYou.Bus", "ParallelYou.Bus\ParallelYou.Bus.csproj", "{4AD52D28-DEDC-45EC-A112-AEDC60013DE2}"
EndProject
Project("{FAE04EC0-301F-11D3-BF4B-00C04F79EFBC}") = "ParallelYou.Repo", "ParallelYou.Repo\ParallelYou.Repo.csproj", "{851D1154-09EB-4E26-A5A0-35A978FC07A2}"
EndProject
Global
	GlobalSection(SolutionConfigurationPlatforms) = preSolution
		Debug|Any CPU = Debug|Any CPU
		Release|Any CPU = Release|Any CPU
	EndGlobalSection
	GlobalSection(SolutionProperties) = preSolution
		HideSolutionNode = FALSE
	EndGlobalSection
	GlobalSection(ProjectConfigurationPlatforms) = postSolution
		{0436D384-DC83-47D4-9B0A-375005288251}.Debug|Any CPU.ActiveCfg = Debug|Any CPU
		{0436D384-DC83-47D4-9B0A-375005288251}.Debug|Any CPU.Build.0 = Debug|Any CPU
		{0436D384-DC83-47D4-9B0A-375005288251}.Release|Any CPU.ActiveCfg = Release|Any CPU
		{0436D384-DC83-47D4-9B0A-375005288251}.Release|Any CPU.Build.0 = Release|Any CPU
		{7F6D930B-14B6-4E8B-AAEC-7E795AC1AF6D}.Debug|Any CPU.ActiveCfg = Debug|Any CPU
		{7F6D930B-14B6-4E8B-AAEC-7E795AC1AF6D}.Debug|Any CPU.Build.0 = Debug|Any CPU
		{7F6D930B-14B6-4E8B-AAEC-7E795AC1AF6D}.Release|Any CPU.ActiveCfg = Release|Any CPU
		{7F6D930B-14B6-4E8B-AAEC-7E795AC1AF6D}.Release|Any CPU.Build.0 = Release|Any CPU
		{4AD52D28-DEDC-45EC-A112-AEDC60013DE2}.Debug|Any CPU.ActiveCfg = Debug|Any CPU
		{4AD52D28-DEDC-45EC-A112-AEDC60013DE2}.Debug|Any CPU.Build.0 = Debug|Any CPU
		{4AD52D28-DEDC-45EC-A112-AEDC60013DE2}.Release|Any CPU.ActiveCfg = Release|Any CPU
		{4AD52D28-DEDC-45EC-A112-AEDC60013DE2}.Release|Any CPU.Build.0 = Release|Any CPU
		{851D1154-09EB-4E26-A5A0-35A978FC07A2}.Debug|Any CPU.ActiveCfg = Debug|Any CPU
		{851D1154-09EB-4E26-A5A0-35A978FC07A2}.Debug|Any CPU.Build.0 = Debug|Any CPU
		{851D1154-09EB-4E26-A5A0-35A978FC07A2}.Release|Any CPU.ActiveCfg = Release|Any CPU
		{851D1154-09EB-4E26-A5A0-35A978FC07A2}.Release|Any CPU.Build.0 = Release|Any CPU
	EndGlobalSection
EndGlobal
